
Microsoft Visual Studio Solution File, Format Version 12.00
# Visual Studio 15
VisualStudioVersion = 15.0.28307.102
MinimumVisualStudioVersion = 10.0.40219.1
Project("{FAE04EC0-301F-11D3-BF4B-00C04F79EFBC}") = "APCS_AdminPortal", "APCS_AdminPortal\APCS_AdminPortal.csproj", "{195988C2-3055-4CF6-8124-C9362E0B2899}"
EndProject
Global
	GlobalSection(SolutionConfigurationPlatforms) = preSolution
		Debug|Any CPU = Debug|Any CPU
		Release|Any CPU = Release|Any CPU
	EndGlobalSection
	GlobalSection(ProjectConfigurationPlatforms) = postSolution
		{195988C2-3055-4CF6-8124-C9362E0B2899}.Debug|Any CPU.ActiveCfg = Debug|Any CPU
		{195988C2-3055-4CF6-8124-C9362E0B2899}.Debug|Any CPU.Build.0 = Debug|Any CPU
		{195988C2-3055-4CF6-8124-C9362E0B2899}.Release|Any CPU.ActiveCfg = Release|Any CPU
		{195988C2-3055-4CF6-8124-C9362E0B2899}.Release|Any CPU.Build.0 = Release|Any CPU
	EndGlobalSection
	GlobalSection(SolutionProperties) = preSolution
		HideSolutionNode = FALSE
	EndGlobalSection
	GlobalSection(ExtensibilityGlobals) = postSolution
		SolutionGuid = {4EABA588-754A-4F33-87F7-8C78CC58A318}
	EndGlobalSection
EndGlobal
